# THIS IS AN AUTOGENERATED FILE. DO NOT EDIT THIS FILE DIRECTLY.
# yarn lockfile v1


"true-case-path@^2.0.0":
  version "2.0.0"
  resolved "https://registry.yarnpkg.com/true-case-path/-/true-case-path-2.0.0.tgz#800377224013d34b331e3ef47d9da7d4ca4e3e9b"
  integrity sha512-prSHPr2t+Df1c8E/7Mt2Y7VuEigQR0WaaXO55bO8QtF1xqewUh9WxIVjdMuKDqATw7XUO1tBqizIwV+G+ibFxA==
